
Microsoft Visual Studio Solution File, Format Version 12.00
# Visual Studio Version 16
VisualStudioVersion = 16.0.30413.136
MinimumVisualStudioVersion = 10.0.40219.1
Project("{FAE04EC0-301F-11D3-BF4B-00C04F79EFBC}") = "Howework 1", "src\Howework 1\Howework 1.csproj", "{CEB5AC30-EFE9-429A-8621-8E0AFBA29A64}"
EndProject
Project("{FAE04EC0-301F-11D3-BF4B-00C04F79EFBC}") = "Howework 2", "src\Howework 2\Howework 2.csproj", "{3C24F3F2-EC3E-4B32-9BDA-F4F292270B8F}"
EndProject
Global
	GlobalSection(SolutionConfigurationPlatforms) = preSolution
		Debug|Any CPU = Debug|Any CPU
		Release|Any CPU = Release|Any CPU
	EndGlobalSection
	GlobalSection(ProjectConfigurationPlatforms) = postSolution
		{CEB5AC30-EFE9-429A-8621-8E0AFBA29A64}.Debug|Any CPU.ActiveCfg = Debug|Any CPU
		{CEB5AC30-EFE9-429A-8621-8E0AFBA29A64}.Debug|Any CPU.Build.0 = Debug|Any CPU
		{CEB5AC30-EFE9-429A-8621-8E0AFBA29A64}.Release|Any CPU.ActiveCfg = Release|Any CPU
		{CEB5AC30-EFE9-429A-8621-8E0AFBA29A64}.Release|Any CPU.Build.0 = Release|Any CPU
		{3C24F3F2-EC3E-4B32-9BDA-F4F292270B8F}.Debug|Any CPU.ActiveCfg = Debug|Any CPU
		{3C24F3F2-EC3E-4B32-9BDA-F4F292270B8F}.Debug|Any CPU.Build.0 = Debug|Any CPU
		{3C24F3F2-EC3E-4B32-9BDA-F4F292270B8F}.Release|Any CPU.ActiveCfg = Release|Any CPU
		{3C24F3F2-EC3E-4B32-9BDA-F4F292270B8F}.Release|Any CPU.Build.0 = Release|Any CPU
	EndGlobalSection
	GlobalSection(SolutionProperties) = preSolution
		HideSolutionNode = FALSE
	EndGlobalSection
	GlobalSection(ExtensibilityGlobals) = postSolution
		SolutionGuid = {3144E971-6CB0-40DA-9A2D-99E816CDB5A4}
	EndGlobalSection
EndGlobal
